
Microsoft Visual Studio Solution File, Format Version 12.00
# Visual Studio 15
VisualStudioVersion = 15.0.28307.168
MinimumVisualStudioVersion = 10.0.40219.1
Project("{FAE04EC0-301F-11D3-BF4B-00C04F79EFBC}") = "WyMusicConvert", "WyMusicConvert\WyMusicConvert.csproj", "{BC20A584-78AC-456D-B5EA-11EF5492501B}"
EndProject
Project("{2150E333-8FDC-42A3-9474-1A3956D46DE8}") = "docs", "docs", "{56B8EB61-2C5D-458C-BF53-8DDEBBF0A95B}"
	ProjectSection(SolutionItems) = preProject
		README.md = README.md
	EndProjectSection
EndProject
Global
	GlobalSection(SolutionConfigurationPlatforms) = preSolution
		Debug|Any CPU = Debug|Any CPU
		Release|Any CPU = Release|Any CPU
	EndGlobalSection
	GlobalSection(ProjectConfigurationPlatforms) = postSolution
		{BC20A584-78AC-456D-B5EA-11EF5492501B}.Debug|Any CPU.ActiveCfg = Debug|Any CPU
		{BC20A584-78AC-456D-B5EA-11EF5492501B}.Debug|Any CPU.Build.0 = Debug|Any CPU
		{BC20A584-78AC-456D-B5EA-11EF5492501B}.Release|Any CPU.ActiveCfg = Release|Any CPU
		{BC20A584-78AC-456D-B5EA-11EF5492501B}.Release|Any CPU.Build.0 = Release|Any CPU
	EndGlobalSection
	GlobalSection(SolutionProperties) = preSolution
		HideSolutionNode = FALSE
	EndGlobalSection
	GlobalSection(ExtensibilityGlobals) = postSolution
		SolutionGuid = {69176620-3770-4830-A657-E53996224BFE}
	EndGlobalSection
EndGlobal
